// !$*UTF8*$!
{
	archiveVersion = 1;
	classes = {
	};
	objectVersion = 46;
	objects = {

/* Begin PBXBuildFile section */
		035309E214F05E4C002E9A5E /* Cocoa.framework in Frameworks */ = {isa = PBXBuildFile; fileRef = 035309E114F05E4C002E9A5E /* Cocoa.framework */; };
		035309EC14F05E4C002E9A5E /* InfoPlist.strings in Resources */ = {isa = PBXBuildFile; fileRef = 035309EA14F05E4C002E9A5E /* InfoPlist.strings */; };
		03530A0614F062D8002E9A5E /* ActionMouseOut.m in Sources */ = {isa = PBXBuildFile; fileRef = 03530A0514F062D8002E9A5E /* ActionMouseOut.m */; };
		03530A0814F06309002E9A5E /* RSTrixiePlugin.framework in Frameworks */ = {isa = PBXBuildFile; fileRef = 03530A0714F06309002E9A5E /* RSTrixiePlugin.framework */; };
		03530A0A14F06330002E9A5E /* ActionMouseOut.h in Headers */ = {isa = PBXBuildFile; fileRef = 03530A0414F062D8002E9A5E /* ActionMouseOut.h */; settings = {ATTRIBUTES = (Public, ); }; };
		03530A1814F064FF002E9A5E /* ActionMouseOut.xib in Resources */ = {isa = PBXBuildFile; fileRef = 03530A1714F064FF002E9A5E /* ActionMouseOut.xib */; };
/* End PBXBuildFile section */

/* Begin PBXFileReference section */
		035309DE14F05E4C002E9A5E /* ActionMouseOut.bundle */ = {isa = PBXFileReference; explicitFileType = wrapper.cfbundle; includeInIndex = 0; path = ActionMouseOut.bundle; sourceTree = BUILT_PRODUCTS_DIR; };
		035309E114F05E4C002E9A5E /* Cocoa.framework */ = {isa = PBXFileReference; lastKnownFileType = wrapper.framework; name = Cocoa.framework; path = System/Library/Frameworks/Cocoa.framework; sourceTree = SDKROOT; };
		035309E414F05E4C002E9A5E /* AppKit.framework */ = {isa = PBXFileReference; lastKnownFileType = wrapper.framework; name = AppKit.framework; path = System/Library/Frameworks/AppKit.framework; sourceTree = SDKROOT; };
		035309E514F05E4C002E9A5E /* CoreData.framework */ = {isa = PBXFileReference; lastKnownFileType = wrapper.framework; name = CoreData.framework; path = System/Library/Frameworks/CoreData.framework; sourceTree = SDKROOT; };
		035309E614F05E4C002E9A5E /* Foundation.framework */ = {isa = PBXFileReference; lastKnownFileType = wrapper.framework; name = Foundation.framework; path = System/Library/Frameworks/Foundation.framework; sourceTree = SDKROOT; };
		035309E914F05E4C002E9A5E /* ActionMouseOut-Info.plist */ = {isa = PBXFileReference; lastKnownFileType = text.plist.xml; path = "ActionMouseOut-Info.plist"; sourceTree = "<group>"; };
		035309EB14F05E4C002E9A5E /* en */ = {isa = PBXFileReference; lastKnownFileType = text.plist.strings; name = en; path = en.lproj/InfoPlist.strings; sourceTree = "<group>"; };
		035309ED14F05E4C002E9A5E /* ActionMouseOut-Prefix.pch */ = {isa = PBXFileReference; lastKnownFileType = sourcecode.c.h; path = "ActionMouseOut-Prefix.pch"; sourceTree = "<group>"; };
		03530A0414F062D8002E9A5E /* ActionMouseOut.h */ = {isa = PBXFileReference; fileEncoding = 4; lastKnownFileType = sourcecode.c.h; path = ActionMouseOut.h; sourceTree = "<group>"; };
		03530A0514F062D8002E9A5E /* ActionMouseOut.m */ = {isa = PBXFileReference; fileEncoding = 4; lastKnownFileType = sourcecode.c.objc; path = ActionMouseOut.m; sourceTree = "<group>"; };
		03530A0714F06309002E9A5E /* RSTrixiePlugin.framework */ = {isa = PBXFileReference; lastKnownFileType = wrapper.framework; name = RSTrixiePlugin.framework; path = "../../../../Library/Developer/Xcode/DerivedData/Workspace_Trixie-axnfrbtrkoszpiehooyethumxqxg/Build/Products/Debug/RSTrixiePlugin.framework"; sourceTree = "<group>"; };
		03530A1714F064FF002E9A5E /* ActionMouseOut.xib */ = {isa = PBXFileReference; fileEncoding = 4; lastKnownFileType = file.xib; path = ActionMouseOut.xib; sourceTree = "<group>"; };
/* End PBXFileReference section */

/* Begin PBXFrameworksBuildPhase section */
		035309DB14F05E4C002E9A5E /* Frameworks */ = {
			isa = PBXFrameworksBuildPhase;
			buildActionMask = 2147483647;
			files = (
				03530A0814F06309002E9A5E /* RSTrixiePlugin.framework in Frameworks */,
				035309E214F05E4C002E9A5E /* Cocoa.framework in Frameworks */,
			);
			runOnlyForDeploymentPostprocessing = 0;
		};
/* End PBXFrameworksBuildPhase section */

/* Begin PBXGroup section */
		035309D314F05E4C002E9A5E = {
			isa = PBXGroup;
			children = (
				035309E714F05E4C002E9A5E /* ActionMouseOut */,
				035309E814F05E4C002E9A5E /* Supporting Files */,
				035309E014F05E4C002E9A5E /* Frameworks */,
				035309DF14F05E4C002E9A5E /* Products */,
			);
			sourceTree = "<group>";
		};
		035309DF14F05E4C002E9A5E /* Products */ = {
			isa = PBXGroup;
			children = (
				035309DE14F05E4C002E9A5E /* ActionMouseOut.bundle */,
			);
			name = Products;
			sourceTree = "<group>";
		};
		035309E014F05E4C002E9A5E /* Frameworks */ = {
			isa = PBXGroup;
			children = (
				03530A0714F06309002E9A5E /* RSTrixiePlugin.framework */,
				035309E114F05E4C002E9A5E /* Cocoa.framework */,
				035309E314F05E4C002E9A5E /* Other Frameworks */,
			);
			name = Frameworks;
			sourceTree = "<group>";
		};
		035309E314F05E4C002E9A5E /* Other Frameworks */ = {
			isa = PBXGroup;
			children = (
				035309E414F05E4C002E9A5E /* AppKit.framework */,
				035309E514F05E4C002E9A5E /* CoreData.framework */,
				035309E614F05E4C002E9A5E /* Foundation.framework */,
			);
			name = "Other Frameworks";
			sourceTree = "<group>";
		};
		035309E714F05E4C002E9A5E /* ActionMouseOut */ = {
			isa = PBXGroup;
			children = (
				03530A0414F062D8002E9A5E /* ActionMouseOut.h */,
				03530A0514F062D8002E9A5E /* ActionMouseOut.m */,
				03530A1714F064FF002E9A5E /* ActionMouseOut.xib */,
			);
			path = ActionMouseOut;
			sourceTree = "<group>";
		};
		035309E814F05E4C002E9A5E /* Supporting Files */ = {
			isa = PBXGroup;
			children = (
				035309E914F05E4C002E9A5E /* ActionMouseOut-Info.plist */,
				035309EA14F05E4C002E9A5E /* InfoPlist.strings */,
				035309ED14F05E4C002E9A5E /* ActionMouseOut-Prefix.pch */,
			);
			name = "Supporting Files";
			path = ActionMouseOut;
			sourceTree = "<group>";
		};
/* End PBXGroup section */

/* Begin PBXHeadersBuildPhase section */
		03530A0914F0630E002E9A5E /* Headers */ = {
			isa = PBXHeadersBuildPhase;
			buildActionMask = 2147483647;
			files = (
				03530A0A14F06330002E9A5E /* ActionMouseOut.h in Headers */,
			);
			runOnlyForDeploymentPostprocessing = 0;
		};
/* End PBXHeadersBuildPhase section */

/* Begin PBXNativeTarget section */
		035309DD14F05E4C002E9A5E /* ActionMouseOut */ = {
			isa = PBXNativeTarget;
			buildConfigurationList = 035309F014F05E4C002E9A5E /* Build configuration list for PBXNativeTarget "ActionMouseOut" */;
			buildPhases = (
				035309DA14F05E4C002E9A5E /* Sources */,
				035309DB14F05E4C002E9A5E /* Frameworks */,
				035309DC14F05E4C002E9A5E /* Resources */,
				03530A0914F0630E002E9A5E /* Headers */,
			);
			buildRules = (
			);
			dependencies = (
			);
			name = ActionMouseOut;
			productName = ActionMouseOut;
			productReference = 035309DE14F05E4C002E9A5E /* ActionMouseOut.bundle */;
			productType = "com.apple.product-type.bundle";
		};
/* End PBXNativeTarget section */

/* Begin PBXProject section */
		035309D514F05E4C002E9A5E /* Project object */ = {
			isa = PBXProject;
			attributes = {
				LastUpgradeCheck = 0420;
				ORGANIZATIONNAME = "Roaring Sky";
			};
			buildConfigurationList = 035309D814F05E4C002E9A5E /* Build configuration list for PBXProject "ActionMouseOut" */;
			compatibilityVersion = "Xcode 3.2";
			developmentRegion = English;
			hasScannedForEncodings = 0;
			knownRegions = (
				en,
			);
			mainGroup = 035309D314F05E4C002E9A5E;
			productRefGroup = 035309DF14F05E4C002E9A5E /* Products */;
			projectDirPath = "";
			projectRoot = "";
			targets = (
				035309DD14F05E4C002E9A5E /* ActionMouseOut */,
			);
		};
/* End PBXProject section */

/* Begin PBXResourcesBuildPhase section */
		035309DC14F05E4C002E9A5E /* Resources */ = {
			isa = PBXResourcesBuildPhase;
			buildActionMask = 2147483647;
			files = (
				035309EC14F05E4C002E9A5E /* InfoPlist.strings in Resources */,
				03530A1814F064FF002E9A5E /* ActionMouseOut.xib in Resources */,
			);
			runOnlyForDeploymentPostprocessing = 0;
		};
/* End PBXResourcesBuildPhase section */

/* Begin PBXSourcesBuildPhase section */
		035309DA14F05E4C002E9A5E /* Sources */ = {
			isa = PBXSourcesBuildPhase;
			buildActionMask = 2147483647;
			files = (
				03530A0614F062D8002E9A5E /* ActionMouseOut.m in Sources */,
			);
			runOnlyForDeploymentPostprocessing = 0;
		};
/* End PBXSourcesBuildPhase section */

/* Begin PBXVariantGroup section */
		035309EA14F05E4C002E9A5E /* InfoPlist.strings */ = {
			isa = PBXVariantGroup;
			children = (
				035309EB14F05E4C002E9A5E /* en */,
			);
			name = InfoPlist.strings;
			sourceTree = "<group>";
		};
/* End PBXVariantGroup section */

/* Begin XCBuildConfiguration section */
		035309EE14F05E4C002E9A5E /* Debug */ = {
			isa = XCBuildConfiguration;
			buildSettings = {
				ALWAYS_SEARCH_USER_PATHS = NO;
				ARCHS = "$(ARCHS_STANDARD_64_BIT)";
				CLANG_ENABLE_OBJC_ARC = YES;
				COPY_PHASE_STRIP = NO;
				GCC_C_LANGUAGE_STANDARD = gnu99;
				GCC_DYNAMIC_NO_PIC = NO;
				GCC_ENABLE_OBJC_EXCEPTIONS = YES;
				GCC_OPTIMIZATION_LEVEL = 0;
				GCC_PREPROCESSOR_DEFINITIONS = (
					"DEBUG=1",
					"$(inherited)",
				);
				GCC_SYMBOLS_PRIVATE_EXTERN = NO;
				GCC_VERSION = com.apple.compilers.llvm.clang.1_0;
				GCC_WARN_64_TO_32_BIT_CONVERSION = YES;
				GCC_WARN_ABOUT_MISSING_PROTOTYPES = YES;
				GCC_WARN_ABOUT_RETURN_TYPE = YES;
				GCC_WARN_UNUSED_VARIABLE = YES;
				MACOSX_DEPLOYMENT_TARGET = 10.7;
				ONLY_ACTIVE_ARCH = YES;
				SDKROOT = macosx;
			};
			name = Debug;
		};
		035309EF14F05E4C002E9A5E /* Release */ = {
			isa = XCBuildConfiguration;
			buildSettings = {
				ALWAYS_SEARCH_USER_PATHS = NO;
				ARCHS = "$(ARCHS_STANDARD_64_BIT)";
				CLANG_ENABLE_OBJC_ARC = YES;
				COPY_PHASE_STRIP = YES;
				DEBUG_INFORMATION_FORMAT = "dwarf-with-dsym";
				GCC_C_LANGUAGE_STANDARD = gnu99;
				GCC_ENABLE_OBJC_EXCEPTIONS = YES;
				GCC_VERSION = com.apple.compilers.llvm.clang.1_0;
				GCC_WARN_64_TO_32_BIT_CONVERSION = YES;
				GCC_WARN_ABOUT_MISSING_PROTOTYPES = YES;
				GCC_WARN_ABOUT_RETURN_TYPE = YES;
				GCC_WARN_UNUSED_VARIABLE = YES;
				MACOSX_DEPLOYMENT_TARGET = 10.7;
				SDKROOT = macosx;
			};
			name = Release;
		};
		035309F114F05E4C002E9A5E /* Debug */ = {
			isa = XCBuildConfiguration;
			buildSettings = {
				FRAMEWORK_SEARCH_PATHS = (
					"~/Code/Workspaces/Trixie/RSTrixiePlugin/RSTrixiePlugin",
					"\"$(SRCROOT)/../../../../Library/Developer/Xcode/DerivedData/Workspace_Trixie-axnfrbtrkoszpiehooyethumxqxg/Build/Products/Debug\"",
				);
				GCC_PRECOMPILE_PREFIX_HEADER = YES;
				GCC_PREFIX_HEADER = "ActionMouseOut/ActionMouseOut-Prefix.pch";
				INFOPLIST_FILE = "ActionMouseOut/ActionMouseOut-Info.plist";
				INSTALL_PATH = "@executable_path/../Plugins";
				LD_RUNPATH_SEARCH_PATHS = "@executable_path/../Frameworks";
				PRODUCT_NAME = "$(TARGET_NAME)";
				WRAPPER_EXTENSION = bundle;
			};
			name = Debug;
		};
		035309F214F05E4C002E9A5E /* Release */ = {
			isa = XCBuildConfiguration;
			buildSettings = {
				FRAMEWORK_SEARCH_PATHS = (
					"~/Code/Workspaces/Trixie/RSTrixiePlugin/RSTrixiePlugin",
					"\"$(SRCROOT)/../../../../Library/Developer/Xcode/DerivedData/Workspace_Trixie-axnfrbtrkoszpiehooyethumxqxg/Build/Products/Debug\"",
				);
				GCC_PRECOMPILE_PREFIX_HEADER = YES;
				GCC_PREFIX_HEADER = "ActionMouseOut/ActionMouseOut-Prefix.pch";
				INFOPLIST_FILE = "ActionMouseOut/ActionMouseOut-Info.plist";
				INSTALL_PATH = "@executable_path/../Plugins";
				LD_RUNPATH_SEARCH_PATHS = "@executable_path/../Frameworks";
				PRODUCT_NAME = "$(TARGET_NAME)";
				WRAPPER_EXTENSION = bundle;
			};
			name = Release;
		};
/* End XCBuildConfiguration section */

/* Begin XCConfigurationList section */
		035309D814F05E4C002E9A5E /* Build configuration list for PBXProject "ActionMouseOut" */ = {
			isa = XCConfigurationList;
			buildConfigurations = (
				035309EE14F05E4C002E9A5E /* Debug */,
				035309EF14F05E4C002E9A5E /* Release */,
			);
			defaultConfigurationIsVisible = 0;
			defaultConfigurationName = Release;
		};
		035309F014F05E4C002E9A5E /* Build configuration list for PBXNativeTarget "ActionMouseOut" */ = {
			isa = XCConfigurationList;
			buildConfigurations = (
				035309F114F05E4C002E9A5E /* Debug */,
				035309F214F05E4C002E9A5E /* Release */,
			);
			defaultConfigurationIsVisible = 0;
			defaultConfigurationName = Release;
		};
/* End XCConfigurationList section */
	};
	rootObject = 035309D514F05E4C002E9A5E /* Project object */;
}
